
Microsoft Visual Studio Solution File, Format Version 12.00
# Visual Studio 15
VisualStudioVersion = 15.0.27703.2047
MinimumVisualStudioVersion = 10.0.40219.1
Project("{FAE04EC0-301F-11D3-BF4B-00C04F79EFBC}") = "Clase09.Entidades", "Clase09.Entidades\Clase09.Entidades.csproj", "{2167ABAD-6563-4A19-8E1F-36E86A1971C6}"
EndProject
Project("{FAE04EC0-301F-11D3-BF4B-00C04F79EFBC}") = "Clase09.Test", "Clase09.Test\Clase09.Test.csproj", "{1D283ED1-F348-4F86-BF0E-C9B00BF7E247}"
EndProject
Global
	GlobalSection(SolutionConfigurationPlatforms) = preSolution
		Debug|Any CPU = Debug|Any CPU
		Release|Any CPU = Release|Any CPU
	EndGlobalSection
	GlobalSection(ProjectConfigurationPlatforms) = postSolution
		{2167ABAD-6563-4A19-8E1F-36E86A1971C6}.Debug|Any CPU.ActiveCfg = Debug|Any CPU
		{2167ABAD-6563-4A19-8E1F-36E86A1971C6}.Debug|Any CPU.Build.0 = Debug|Any CPU
		{2167ABAD-6563-4A19-8E1F-36E86A1971C6}.Release|Any CPU.ActiveCfg = Release|Any CPU
		{2167ABAD-6563-4A19-8E1F-36E86A1971C6}.Release|Any CPU.Build.0 = Release|Any CPU
		{1D283ED1-F348-4F86-BF0E-C9B00BF7E247}.Debug|Any CPU.ActiveCfg = Debug|Any CPU
		{1D283ED1-F348-4F86-BF0E-C9B00BF7E247}.Debug|Any CPU.Build.0 = Debug|Any CPU
		{1D283ED1-F348-4F86-BF0E-C9B00BF7E247}.Release|Any CPU.ActiveCfg = Release|Any CPU
		{1D283ED1-F348-4F86-BF0E-C9B00BF7E247}.Release|Any CPU.Build.0 = Release|Any CPU
	EndGlobalSection
	GlobalSection(SolutionProperties) = preSolution
		HideSolutionNode = FALSE
	EndGlobalSection
	GlobalSection(ExtensibilityGlobals) = postSolution
		SolutionGuid = {101BC211-C7ED-405C-A338-963CEC671938}
	EndGlobalSection
EndGlobal
